
Microsoft Visual Studio Solution File, Format Version 12.00
# Visual Studio Version 16
VisualStudioVersion = 16.0.31702.278
MinimumVisualStudioVersion = 10.0.40219.1
Project("{8BC9CEB8-8B4A-11D0-8D11-00A0C91BC942}") = "1", "1\1.vcxproj", "{A0C3B947-DFDD-4431-A572-932481E8DD9B}"
EndProject
Project("{8BC9CEB8-8B4A-11D0-8D11-00A0C91BC942}") = "2", "2\2.vcxproj", "{396F4B4A-7902-4939-89E4-6A36B43CF759}"
EndProject
Global
	GlobalSection(SolutionConfigurationPlatforms) = preSolution
		Debug|x64 = Debug|x64
		Debug|x86 = Debug|x86
		Release|x64 = Release|x64
		Release|x86 = Release|x86
	EndGlobalSection
	GlobalSection(ProjectConfigurationPlatforms) = postSolution
		{A0C3B947-DFDD-4431-A572-932481E8DD9B}.Debug|x64.ActiveCfg = Debug|x64
		{A0C3B947-DFDD-4431-A572-932481E8DD9B}.Debug|x64.Build.0 = Debug|x64
		{A0C3B947-DFDD-4431-A572-932481E8DD9B}.Debug|x86.ActiveCfg = Debug|Win32
		{A0C3B947-DFDD-4431-A572-932481E8DD9B}.Debug|x86.Build.0 = Debug|Win32
		{A0C3B947-DFDD-4431-A572-932481E8DD9B}.Release|x64.ActiveCfg = Release|x64
		{A0C3B947-DFDD-4431-A572-932481E8DD9B}.Release|x64.Build.0 = Release|x64
		{A0C3B947-DFDD-4431-A572-932481E8DD9B}.Release|x86.ActiveCfg = Release|Win32
		{A0C3B947-DFDD-4431-A572-932481E8DD9B}.Release|x86.Build.0 = Release|Win32
		{396F4B4A-7902-4939-89E4-6A36B43CF759}.Debug|x64.ActiveCfg = Debug|x64
		{396F4B4A-7902-4939-89E4-6A36B43CF759}.Debug|x64.Build.0 = Debug|x64
		{396F4B4A-7902-4939-89E4-6A36B43CF759}.Debug|x86.ActiveCfg = Debug|Win32
		{396F4B4A-7902-4939-89E4-6A36B43CF759}.Debug|x86.Build.0 = Debug|Win32
		{396F4B4A-7902-4939-89E4-6A36B43CF759}.Release|x64.ActiveCfg = Release|x64
		{396F4B4A-7902-4939-89E4-6A36B43CF759}.Release|x64.Build.0 = Release|x64
		{396F4B4A-7902-4939-89E4-6A36B43CF759}.Release|x86.ActiveCfg = Release|Win32
		{396F4B4A-7902-4939-89E4-6A36B43CF759}.Release|x86.Build.0 = Release|Win32
	EndGlobalSection
	GlobalSection(SolutionProperties) = preSolution
		HideSolutionNode = FALSE
	EndGlobalSection
	GlobalSection(ExtensibilityGlobals) = postSolution
		SolutionGuid = {283D0CDA-3AA9-413E-A6CA-A95A7C3532C8}
	EndGlobalSection
EndGlobal
